PODS:
  - Firebase (2.5.1)
  - MaterialKit (0.4)

DEPENDENCIES:
  - Firebase (>= 2.5.1)
  - MaterialKit (~> 0.4)

SPEC CHECKSUMS:
  Firebase: 3565ea88b830f28f2c77ecc524622bc71a20d085
  MaterialKit: 2e5267bcf410b82793f2b92d2111f8ae4ed2c3f2

PODFILE CHECKSUM: 079c85969db3a9dd2abac0b5d2c5f420453172ff

COCOAPODS: 1.0.0.beta.2
