<?xml version="1.0" encoding="UTF-8"?>
<!DOCTYPE plist PUBLIC "-//Apple//DTD PLIST 1.0//EN" "http://www.apple.com/DTDs/PropertyList-1.0.dtd">
<plist version="1.0">
<dict>
	<key>archiveVersion</key>
	<string>1</string>
	<key>classes</key>
	<dict/>
	<key>objectVersion</key>
	<string>46</string>
	<key>objects</key>
	<dict>
		<key>0D72C71B01C9ADAFD4395ACA</key>
		<dict>
			<key>children</key>
			<array>
				<string>3BCCA8CA94B33AB5337745DA</string>
				<string>23052EC53D7FE01BB6DE131B</string>
				<string>7B34F0B21B05B186A5776D46</string>
			</array>
			<key>isa</key>
			<string>PBXGroup</string>
			<key>name</key>
			<string>Frameworks</string>
			<key>sourceTree</key>
			<string>&lt;group&gt;</string>
		</dict>
		<key>1191D7CB8DB8BCF5D20433E5</key>
		<dict>
			<key>children</key>
			<array>
				<string>D6FBBEB63147360328AE26C4</string>
				<string>42CB20D330A08190F6BCB0C1</string>
				<string>2D2677F90DB1F586F3F1E629</string>
				<string>3F69D58A15693FC2DE7C0799</string>
				<string>93868F4AD1D451A2C802278B</string>
				<string>21626B29285C285E8DF806C5</string>
			</array>
			<key>isa</key>
			<string>PBXGroup</string>
			<key>name</key>
			<string>Pods</string>
			<key>sourceTree</key>
			<string>&lt;group&gt;</string>
		</dict>
		<key>14E1A7F9B8B752E5C0D10673</key>
		<dict>
			<key>buildActionMask</key>
			<string>2147483647</string>
			<key>files</key>
			<array/>
			<key>inputPaths</key>
			<array/>
			<key>isa</key>
			<string>PBXShellScriptBuildPhase</string>
			<key>name</key>
			<string>Check Pods Manifest.lock</string>
			<key>outputPaths</key>
			<array/>
			<key>runOnlyForDeploymentPostprocessing</key>
			<string>0</string>
			<key>shellPath</key>
			<string>/bin/sh</string>
			<key>shellScript</key>
			<string>diff "${PODS_ROOT}/../Podfile.lock" "${PODS_ROOT}/Manifest.lock" &gt; /dev/null
if [[ $? != 0 ]] ; then
    cat &lt;&lt; EOM
error: The sandbox is not in sync with the Podfile.lock. Run 'pod install' or update your CocoaPods installation.
EOM
    exit 1
fi
</string>
			<key>showEnvVarsInLog</key>
			<string>0</string>
		</dict>
		<key>165DB3A858CC8BF3D5814B48</key>
		<dict>
			<key>fileRef</key>
			<string>7B34F0B21B05B186A5776D46</string>
			<key>isa</key>
			<string>PBXBuildFile</string>
		</dict>
		<key>21626B29285C285E8DF806C5</key>
		<dict>
			<key>includeInIndex</key>
			<string>1</string>
			<key>isa</key>
			<string>PBXFileReference</string>
			<key>lastKnownFileType</key>
			<string>text.xcconfig</string>
			<key>name</key>
			<string>Pods-Lost and FoundUITests.release.xcconfig</string>
			<key>path</key>
			<string>Pods/Target Support Files/Pods-Lost and FoundUITests/Pods-Lost and FoundUITests.release.xcconfig</string>
			<key>sourceTree</key>
			<string>&lt;group&gt;</string>
		</dict>
		<key>23052EC53D7FE01BB6DE131B</key>
		<dict>
			<key>explicitFileType</key>
			<string>wrapper.framework</string>
			<key>includeInIndex</key>
			<string>0</string>
			<key>isa</key>
			<string>PBXFileReference</string>
			<key>path</key>
			<string>Pods_Lost_and_FoundTests.framework</string>
			<key>sourceTree</key>
			<string>BUILT_PRODUCTS_DIR</string>
		</dict>
		<key>2D2677F90DB1F586F3F1E629</key>
		<dict>
			<key>includeInIndex</key>
			<string>1</string>
			<key>isa</key>
			<string>PBXFileReference</string>
			<key>lastKnownFileType</key>
			<string>text.xcconfig</string>
			<key>name</key>
			<string>Pods-Lost and FoundTests.debug.xcconfig</string>
			<key>path</key>
			<string>Pods/Target Support Files/Pods-Lost and FoundTests/Pods-Lost and FoundTests.debug.xcconfig</string>
			<key>sourceTree</key>
			<string>&lt;group&gt;</string>
		</dict>
		<key>3BCCA8CA94B33AB5337745DA</key>
		<dict>
			<key>explicitFileType</key>
			<string>wrapper.framework</string>
			<key>includeInIndex</key>
			<string>0</string>
			<key>isa</key>
			<string>PBXFileReference</string>
			<key>path</key>
			<string>Pods_Lost_and_Found.framework</string>
			<key>sourceTree</key>
			<string>BUILT_PRODUCTS_DIR</string>
		</dict>
		<key>3F69D58A15693FC2DE7C0799</key>
		<dict>
			<key>includeInIndex</key>
			<string>1</string>
			<key>isa</key>
			<string>PBXFileReference</string>
			<key>lastKnownFileType</key>
			<string>text.xcconfig</string>
			<key>name</key>
			<string>Pods-Lost and FoundTests.release.xcconfig</string>
			<key>path</key>
			<string>Pods/Target Support Files/Pods-Lost and FoundTests/Pods-Lost and FoundTests.release.xcconfig</string>
			<key>sourceTree</key>
			<string>&lt;group&gt;</string>
		</dict>
		<key>3FB273089EA8A4E46E384DAF</key>
		<dict>
			<key>fileRef</key>
			<string>3BCCA8CA94B33AB5337745DA</string>
			<key>isa</key>
			<string>PBXBuildFile</string>
		</dict>
		<key>42CB20D330A08190F6BCB0C1</key>
		<dict>
			<key>includeInIndex</key>
			<string>1</string>
			<key>isa</key>
			<string>PBXFileReference</string>
			<key>lastKnownFileType</key>
			<string>text.xcconfig</string>
			<key>name</key>
			<string>Pods-Lost and Found.release.xcconfig</string>
			<key>path</key>
			<string>Pods/Target Support Files/Pods-Lost and Found/Pods-Lost and Found.release.xcconfig</string>
			<key>sourceTree</key>
			<string>&lt;group&gt;</string>
		</dict>
		<key>72BDB50A599E37854A2803B9</key>
		<dict>
			<key>fileRef</key>
			<string>23052EC53D7FE01BB6DE131B</string>
			<key>isa</key>
			<string>PBXBuildFile</string>
		</dict>
		<key>7B34F0B21B05B186A5776D46</key>
		<dict>
			<key>explicitFileType</key>
			<string>wrapper.framework</string>
			<key>includeInIndex</key>
			<string>0</string>
			<key>isa</key>
			<string>PBXFileReference</string>
			<key>path</key>
			<string>Pods_Lost_and_FoundUITests.framework</string>
			<key>sourceTree</key>
			<string>BUILT_PRODUCTS_DIR</string>
		</dict>
		<key>870C7EB87997BD82EBD19198</key>
		<dict>
			<key>buildActionMask</key>
			<string>2147483647</string>
			<key>files</key>
			<array/>
			<key>inputPaths</key>
			<array/>
			<key>isa</key>
			<string>PBXShellScriptBuildPhase</string>
			<key>name</key>
			<string>Embed Pods Frameworks</string>
			<key>outputPaths</key>
			<array/>
			<key>runOnlyForDeploymentPostprocessing</key>
			<string>0</string>
			<key>shellPath</key>
			<string>/bin/sh</string>
			<key>shellScript</key>
			<string>"${SRCROOT}/Pods/Target Support Files/Pods-Lost and FoundTests/Pods-Lost and FoundTests-frameworks.sh"
</string>
			<key>showEnvVarsInLog</key>
			<string>0</string>
		</dict>
		<key>93868F4AD1D451A2C802278B</key>
		<dict>
			<key>includeInIndex</key>
			<string>1</string>
			<key>isa</key>
			<string>PBXFileReference</string>
			<key>lastKnownFileType</key>
			<string>text.xcconfig</string>
			<key>name</key>
			<string>Pods-Lost and FoundUITests.debug.xcconfig</string>
			<key>path</key>
			<string>Pods/Target Support Files/Pods-Lost and FoundUITests/Pods-Lost and FoundUITests.debug.xcconfig</string>
			<key>sourceTree</key>
			<string>&lt;group&gt;</string>
		</dict>
		<key>94152C04BFA3AC16CF1B1672</key>
		<dict>
			<key>buildActionMask</key>
			<string>2147483647</string>
			<key>files</key>
			<array/>
			<key>inputPaths</key>
			<array/>
			<key>isa</key>
			<string>PBXShellScriptBuildPhase</string>
			<key>name</key>
			<string>Embed Pods Frameworks</string>
			<key>outputPaths</key>
			<array/>
			<key>runOnlyForDeploymentPostprocessing</key>
			<string>0</string>
			<key>shellPath</key>
			<string>/bin/sh</string>
			<key>shellScript</key>
			<string>"${SRCROOT}/Pods/Target Support Files/Pods-Lost and Found/Pods-Lost and Found-frameworks.sh"
</string>
			<key>showEnvVarsInLog</key>
			<string>0</string>
		</dict>
		<key>959F922558B14DF4F5171588</key>
		<dict>
			<key>buildActionMask</key>
			<string>2147483647</string>
			<key>files</key>
			<array/>
			<key>inputPaths</key>
			<array/>
			<key>isa</key>
			<string>PBXShellScriptBuildPhase</string>
			<key>name</key>
			<string>Copy Pods Resources</string>
			<key>outputPaths</key>
			<array/>
			<key>runOnlyForDeploymentPostprocessing</key>
			<string>0</string>
			<key>shellPath</key>
			<string>/bin/sh</string>
			<key>shellScript</key>
			<string>"${SRCROOT}/Pods/Target Support Files/Pods-Lost and Found/Pods-Lost and Found-resources.sh"
</string>
			<key>showEnvVarsInLog</key>
			<string>0</string>
		</dict>
		<key>967DC45B1CB0885400097CA9</key>
		<dict>
			<key>fileEncoding</key>
			<string>4</string>
			<key>isa</key>
			<string>PBXFileReference</string>
			<key>lastKnownFileType</key>
			<string>sourcecode.swift</string>
			<key>path</key>
			<string>LostAndFoundTableViewCell.swift</string>
			<key>sourceTree</key>
			<string>&lt;group&gt;</string>
		</dict>
		<key>967DC45C1CB0885400097CA9</key>
		<dict>
			<key>fileEncoding</key>
			<string>4</string>
			<key>isa</key>
			<string>PBXFileReference</string>
			<key>lastKnownFileType</key>
			<string>file.xib</string>
			<key>path</key>
			<string>LostAndFoundTableViewCell.xib</string>
			<key>sourceTree</key>
			<string>&lt;group&gt;</string>
		</dict>
		<key>967DC45D1CB0885400097CA9</key>
		<dict>
			<key>fileRef</key>
			<string>967DC45B1CB0885400097CA9</string>
			<key>isa</key>
			<string>PBXBuildFile</string>
		</dict>
		<key>967DC45E1CB0885400097CA9</key>
		<dict>
			<key>fileRef</key>
			<string>967DC45C1CB0885400097CA9</string>
			<key>isa</key>
			<string>PBXBuildFile</string>
		</dict>
		<key>B51C5B82AB36EE37699B984D</key>
		<dict>
			<key>buildActionMask</key>
			<string>2147483647</string>
			<key>files</key>
			<array/>
			<key>inputPaths</key>
			<array/>
			<key>isa</key>
			<string>PBXShellScriptBuildPhase</string>
			<key>name</key>
			<string>Copy Pods Resources</string>
			<key>outputPaths</key>
			<array/>
			<key>runOnlyForDeploymentPostprocessing</key>
			<string>0</string>
			<key>shellPath</key>
			<string>/bin/sh</string>
			<key>shellScript</key>
			<string>"${SRCROOT}/Pods/Target Support Files/Pods-Lost and FoundUITests/Pods-Lost and FoundUITests-resources.sh"
</string>
			<key>showEnvVarsInLog</key>
			<string>0</string>
		</dict>
		<key>BFD400B71CB077FD0080C6EA</key>
		<dict>
			<key>children</key>
			<array>
				<string>BFD400C21CB077FD0080C6EA</string>
				<string>BFD400D91CB077FD0080C6EA</string>
				<string>BFD400E41CB077FD0080C6EA</string>
				<string>BFD400C11CB077FD0080C6EA</string>
				<string>1191D7CB8DB8BCF5D20433E5</string>
				<string>0D72C71B01C9ADAFD4395ACA</string>
			</array>
			<key>isa</key>
			<string>PBXGroup</string>
			<key>sourceTree</key>
			<string>&lt;group&gt;</string>
		</dict>
		<key>BFD400B81CB077FD0080C6EA</key>
		<dict>
			<key>attributes</key>
			<dict>
				<key>LastSwiftUpdateCheck</key>
				<string>0720</string>
				<key>LastUpgradeCheck</key>
				<string>0720</string>
				<key>ORGANIZATIONNAME</key>
				<string>JasonAldenVincent</string>
				<key>TargetAttributes</key>
				<dict>
					<key>BFD400BF1CB077FD0080C6EA</key>
					<dict>
						<key>CreatedOnToolsVersion</key>
						<string>7.2.1</string>
					</dict>
					<key>BFD400D51CB077FD0080C6EA</key>
					<dict>
						<key>CreatedOnToolsVersion</key>
						<string>7.2.1</string>
						<key>TestTargetID</key>
						<string>BFD400BF1CB077FD0080C6EA</string>
					</dict>
					<key>BFD400E01CB077FD0080C6EA</key>
					<dict>
						<key>CreatedOnToolsVersion</key>
						<string>7.2.1</string>
						<key>TestTargetID</key>
						<string>BFD400BF1CB077FD0080C6EA</string>
					</dict>
				</dict>
			</dict>
			<key>buildConfigurationList</key>
			<string>BFD400BB1CB077FD0080C6EA</string>
			<key>compatibilityVersion</key>
			<string>Xcode 3.2</string>
			<key>developmentRegion</key>
			<string>English</string>
			<key>hasScannedForEncodings</key>
			<string>0</string>
			<key>isa</key>
			<string>PBXProject</string>
			<key>knownRegions</key>
			<array>
				<string>en</string>
				<string>Base</string>
			</array>
			<key>mainGroup</key>
			<string>BFD400B71CB077FD0080C6EA</string>
			<key>productRefGroup</key>
			<string>BFD400C11CB077FD0080C6EA</string>
			<key>projectDirPath</key>
			<string></string>
			<key>projectReferences</key>
			<array/>
			<key>projectRoot</key>
			<string></string>
			<key>targets</key>
			<array>
				<string>BFD400BF1CB077FD0080C6EA</string>
				<string>BFD400D51CB077FD0080C6EA</string>
				<string>BFD400E01CB077FD0080C6EA</string>
			</array>
		</dict>
		<key>BFD400BB1CB077FD0080C6EA</key>
		<dict>
			<key>buildConfigurations</key>
			<array>
				<string>BFD400E81CB077FD0080C6EA</string>
				<string>BFD400E91CB077FD0080C6EA</string>
			</array>
			<key>defaultConfigurationIsVisible</key>
			<string>0</string>
			<key>defaultConfigurationName</key>
			<string>Release</string>
			<key>isa</key>
			<string>XCConfigurationList</string>
		</dict>
		<key>BFD400BC1CB077FD0080C6EA</key>
		<dict>
			<key>buildActionMask</key>
			<string>2147483647</string>
			<key>files</key>
			<array>
				<string>BFD400C81CB077FD0080C6EA</string>
				<string>BFD400C41CB077FD0080C6EA</string>
				<string>967DC45D1CB0885400097CA9</string>
				<string>BFD400C61CB077FD0080C6EA</string>
			</array>
			<key>isa</key>
			<string>PBXSourcesBuildPhase</string>
			<key>runOnlyForDeploymentPostprocessing</key>
			<string>0</string>
		</dict>
		<key>BFD400BD1CB077FD0080C6EA</key>
		<dict>
			<key>buildActionMask</key>
			<string>2147483647</string>
			<key>files</key>
			<array>
				<string>3FB273089EA8A4E46E384DAF</string>
			</array>
			<key>isa</key>
			<string>PBXFrameworksBuildPhase</string>
			<key>runOnlyForDeploymentPostprocessing</key>
			<string>0</string>
		</dict>
		<key>BFD400BE1CB077FD0080C6EA</key>
		<dict>
			<key>buildActionMask</key>
			<string>2147483647</string>
			<key>files</key>
			<array>
				<string>BFD400D01CB077FD0080C6EA</string>
				<string>BFD400CD1CB077FD0080C6EA</string>
				<string>967DC45E1CB0885400097CA9</string>
				<string>BFD400CB1CB077FD0080C6EA</string>
			</array>
			<key>isa</key>
			<string>PBXResourcesBuildPhase</string>
			<key>runOnlyForDeploymentPostprocessing</key>
			<string>0</string>
		</dict>
		<key>BFD400BF1CB077FD0080C6EA</key>
		<dict>
			<key>buildConfigurationList</key>
			<string>BFD400EA1CB077FD0080C6EA</string>
			<key>buildPhases</key>
			<array>
				<string>DF744FD420D8F549CE27A39C</string>
				<string>BFD400BC1CB077FD0080C6EA</string>
				<string>BFD400BD1CB077FD0080C6EA</string>
				<string>BFD400BE1CB077FD0080C6EA</string>
				<string>94152C04BFA3AC16CF1B1672</string>
				<string>959F922558B14DF4F5171588</string>
			</array>
			<key>buildRules</key>
			<array/>
			<key>dependencies</key>
			<array/>
			<key>isa</key>
			<string>PBXNativeTarget</string>
			<key>name</key>
			<string>Lost and Found</string>
			<key>productName</key>
			<string>Lost and Found</string>
			<key>productReference</key>
			<string>BFD400C01CB077FD0080C6EA</string>
			<key>productType</key>
			<string>com.apple.product-type.application</string>
		</dict>
		<key>BFD400C01CB077FD0080C6EA</key>
		<dict>
			<key>explicitFileType</key>
			<string>wrapper.application</string>
			<key>includeInIndex</key>
			<string>0</string>
			<key>isa</key>
			<string>PBXFileReference</string>
			<key>path</key>
			<string>Lost and Found.app</string>
			<key>sourceTree</key>
			<string>BUILT_PRODUCTS_DIR</string>
		</dict>
		<key>BFD400C11CB077FD0080C6EA</key>
		<dict>
			<key>children</key>
			<array>
				<string>BFD400C01CB077FD0080C6EA</string>
				<string>BFD400D61CB077FD0080C6EA</string>
				<string>BFD400E11CB077FD0080C6EA</string>
			</array>
			<key>isa</key>
			<string>PBXGroup</string>
			<key>name</key>
			<string>Products</string>
			<key>sourceTree</key>
			<string>&lt;group&gt;</string>
		</dict>
		<key>BFD400C21CB077FD0080C6EA</key>
		<dict>
			<key>children</key>
			<array>
				<string>BFD400C31CB077FD0080C6EA</string>
				<string>BFD400C51CB077FD0080C6EA</string>
				<string>BFD400C71CB077FD0080C6EA</string>
				<string>967DC45B1CB0885400097CA9</string>
				<string>967DC45C1CB0885400097CA9</string>
				<string>BFD400C91CB077FD0080C6EA</string>
				<string>BFD400CC1CB077FD0080C6EA</string>
				<string>BFD400CE1CB077FD0080C6EA</string>
				<string>BFD400D11CB077FD0080C6EA</string>
			</array>
			<key>isa</key>
			<string>PBXGroup</string>
			<key>path</key>
			<string>Lost and Found</string>
			<key>sourceTree</key>
			<string>&lt;group&gt;</string>
		</dict>
		<key>BFD400C31CB077FD0080C6EA</key>
		<dict>
			<key>isa</key>
			<string>PBXFileReference</string>
			<key>lastKnownFileType</key>
			<string>sourcecode.swift</string>
			<key>path</key>
			<string>AppDelegate.swift</string>
			<key>sourceTree</key>
			<string>&lt;group&gt;</string>
		</dict>
		<key>BFD400C41CB077FD0080C6EA</key>
		<dict>
			<key>fileRef</key>
			<string>BFD400C31CB077FD0080C6EA</string>
			<key>isa</key>
			<string>PBXBuildFile</string>
		</dict>
		<key>BFD400C51CB077FD0080C6EA</key>
		<dict>
			<key>isa</key>
			<string>PBXFileReference</string>
			<key>lastKnownFileType</key>
			<string>sourcecode.swift</string>
			<key>path</key>
			<string>FirstViewController.swift</string>
			<key>sourceTree</key>
			<string>&lt;group&gt;</string>
		</dict>
		<key>BFD400C61CB077FD0080C6EA</key>
		<dict>
			<key>fileRef</key>
			<string>BFD400C51CB077FD0080C6EA</string>
			<key>isa</key>
			<string>PBXBuildFile</string>
		</dict>
		<key>BFD400C71CB077FD0080C6EA</key>
		<dict>
			<key>isa</key>
			<string>PBXFileReference</string>
			<key>lastKnownFileType</key>
			<string>sourcecode.swift</string>
			<key>path</key>
			<string>SecondViewController.swift</string>
			<key>sourceTree</key>
			<string>&lt;group&gt;</string>
		</dict>
		<key>BFD400C81CB077FD0080C6EA</key>
		<dict>
			<key>fileRef</key>
			<string>BFD400C71CB077FD0080C6EA</string>
			<key>isa</key>
			<string>PBXBuildFile</string>
		</dict>
		<key>BFD400C91CB077FD0080C6EA</key>
		<dict>
			<key>children</key>
			<array>
				<string>BFD400CA1CB077FD0080C6EA</string>
			</array>
			<key>isa</key>
			<string>PBXVariantGroup</string>
			<key>name</key>
			<string>Main.storyboard</string>
			<key>sourceTree</key>
			<string>&lt;group&gt;</string>
		</dict>
		<key>BFD400CA1CB077FD0080C6EA</key>
		<dict>
			<key>isa</key>
			<string>PBXFileReference</string>
			<key>lastKnownFileType</key>
			<string>file.storyboard</string>
			<key>name</key>
			<string>Base</string>
			<key>path</key>
			<string>Base.lproj/Main.storyboard</string>
			<key>sourceTree</key>
			<string>&lt;group&gt;</string>
		</dict>
		<key>BFD400CB1CB077FD0080C6EA</key>
		<dict>
			<key>fileRef</key>
			<string>BFD400C91CB077FD0080C6EA</string>
			<key>isa</key>
			<string>PBXBuildFile</string>
		</dict>
		<key>BFD400CC1CB077FD0080C6EA</key>
		<dict>
			<key>isa</key>
			<string>PBXFileReference</string>
			<key>lastKnownFileType</key>
			<string>folder.assetcatalog</string>
			<key>path</key>
			<string>Assets.xcassets</string>
			<key>sourceTree</key>
			<string>&lt;group&gt;</string>
		</dict>
		<key>BFD400CD1CB077FD0080C6EA</key>
		<dict>
			<key>fileRef</key>
			<string>BFD400CC1CB077FD0080C6EA</string>
			<key>isa</key>
			<string>PBXBuildFile</string>
		</dict>
		<key>BFD400CE1CB077FD0080C6EA</key>
		<dict>
			<key>children</key>
			<array>
				<string>BFD400CF1CB077FD0080C6EA</string>
			</array>
			<key>isa</key>
			<string>PBXVariantGroup</string>
			<key>name</key>
			<string>LaunchScreen.storyboard</string>
			<key>sourceTree</key>
			<string>&lt;group&gt;</string>
		</dict>
		<key>BFD400CF1CB077FD0080C6EA</key>
		<dict>
			<key>isa</key>
			<string>PBXFileReference</string>
			<key>lastKnownFileType</key>
			<string>file.storyboard</string>
			<key>name</key>
			<string>Base</string>
			<key>path</key>
			<string>Base.lproj/LaunchScreen.storyboard</string>
			<key>sourceTree</key>
			<string>&lt;group&gt;</string>
		</dict>
		<key>BFD400D01CB077FD0080C6EA</key>
		<dict>
			<key>fileRef</key>
			<string>BFD400CE1CB077FD0080C6EA</string>
			<key>isa</key>
			<string>PBXBuildFile</string>
		</dict>
		<key>BFD400D11CB077FD0080C6EA</key>
		<dict>
			<key>isa</key>
			<string>PBXFileReference</string>
			<key>lastKnownFileType</key>
			<string>text.plist.xml</string>
			<key>path</key>
			<string>Info.plist</string>
			<key>sourceTree</key>
			<string>&lt;group&gt;</string>
		</dict>
		<key>BFD400D21CB077FD0080C6EA</key>
		<dict>
			<key>buildActionMask</key>
			<string>2147483647</string>
			<key>files</key>
			<array>
				<string>BFD400DB1CB077FD0080C6EA</string>
			</array>
			<key>isa</key>
			<string>PBXSourcesBuildPhase</string>
			<key>runOnlyForDeploymentPostprocessing</key>
			<string>0</string>
		</dict>
		<key>BFD400D31CB077FD0080C6EA</key>
		<dict>
			<key>buildActionMask</key>
			<string>2147483647</string>
			<key>files</key>
			<array>
				<string>72BDB50A599E37854A2803B9</string>
			</array>
			<key>isa</key>
			<string>PBXFrameworksBuildPhase</string>
			<key>runOnlyForDeploymentPostprocessing</key>
			<string>0</string>
		</dict>
		<key>BFD400D41CB077FD0080C6EA</key>
		<dict>
			<key>buildActionMask</key>
			<string>2147483647</string>
			<key>files</key>
			<array/>
			<key>isa</key>
			<string>PBXResourcesBuildPhase</string>
			<key>runOnlyForDeploymentPostprocessing</key>
			<string>0</string>
		</dict>
		<key>BFD400D51CB077FD0080C6EA</key>
		<dict>
			<key>buildConfigurationList</key>
			<string>BFD400ED1CB077FD0080C6EA</string>
			<key>buildPhases</key>
			<array>
				<string>E22B3C7A5C87C404A095B42A</string>
				<string>BFD400D21CB077FD0080C6EA</string>
				<string>BFD400D31CB077FD0080C6EA</string>
				<string>BFD400D41CB077FD0080C6EA</string>
				<string>870C7EB87997BD82EBD19198</string>
				<string>E80C194FB3D8EE59CEB07158</string>
			</array>
			<key>buildRules</key>
			<array/>
			<key>dependencies</key>
			<array>
				<string>BFD400D81CB077FD0080C6EA</string>
			</array>
			<key>isa</key>
			<string>PBXNativeTarget</string>
			<key>name</key>
			<string>Lost and FoundTests</string>
			<key>productName</key>
			<string>Lost and FoundTests</string>
			<key>productReference</key>
			<string>BFD400D61CB077FD0080C6EA</string>
			<key>productType</key>
			<string>com.apple.product-type.bundle.unit-test</string>
		</dict>
		<key>BFD400D61CB077FD0080C6EA</key>
		<dict>
			<key>explicitFileType</key>
			<string>wrapper.cfbundle</string>
			<key>includeInIndex</key>
			<string>0</string>
			<key>isa</key>
			<string>PBXFileReference</string>
			<key>path</key>
			<string>Lost and FoundTests.xctest</string>
			<key>sourceTree</key>
			<string>BUILT_PRODUCTS_DIR</string>
		</dict>
		<key>BFD400D71CB077FD0080C6EA</key>
		<dict>
			<key>containerPortal</key>
			<string>BFD400B81CB077FD0080C6EA</string>
			<key>isa</key>
			<string>PBXContainerItemProxy</string>
			<key>proxyType</key>
			<string>1</string>
			<key>remoteGlobalIDString</key>
			<string>BFD400BF1CB077FD0080C6EA</string>
			<key>remoteInfo</key>
			<string>Lost and Found</string>
		</dict>
		<key>BFD400D81CB077FD0080C6EA</key>
		<dict>
			<key>isa</key>
			<string>PBXTargetDependency</string>
			<key>target</key>
			<string>BFD400BF1CB077FD0080C6EA</string>
			<key>targetProxy</key>
			<string>BFD400D71CB077FD0080C6EA</string>
		</dict>
		<key>BFD400D91CB077FD0080C6EA</key>
		<dict>
			<key>children</key>
			<array>
				<string>BFD400DA1CB077FD0080C6EA</string>
				<string>BFD400DC1CB077FD0080C6EA</string>
			</array>
			<key>isa</key>
			<string>PBXGroup</string>
			<key>path</key>
			<string>Lost and FoundTests</string>
			<key>sourceTree</key>
			<string>&lt;group&gt;</string>
		</dict>
		<key>BFD400DA1CB077FD0080C6EA</key>
		<dict>
			<key>isa</key>
			<string>PBXFileReference</string>
			<key>lastKnownFileType</key>
			<string>sourcecode.swift</string>
			<key>path</key>
			<string>Lost_and_FoundTests.swift</string>
			<key>sourceTree</key>
			<string>&lt;group&gt;</string>
		</dict>
		<key>BFD400DB1CB077FD0080C6EA</key>
		<dict>
			<key>fileRef</key>
			<string>BFD400DA1CB077FD0080C6EA</string>
			<key>isa</key>
			<string>PBXBuildFile</string>
		</dict>
		<key>BFD400DC1CB077FD0080C6EA</key>
		<dict>
			<key>isa</key>
			<string>PBXFileReference</string>
			<key>lastKnownFileType</key>
			<string>text.plist.xml</string>
			<key>path</key>
			<string>Info.plist</string>
			<key>sourceTree</key>
			<string>&lt;group&gt;</string>
		</dict>
		<key>BFD400DD1CB077FD0080C6EA</key>
		<dict>
			<key>buildActionMask</key>
			<string>2147483647</string>
			<key>files</key>
			<array>
				<string>BFD400E61CB077FD0080C6EA</string>
			</array>
			<key>isa</key>
			<string>PBXSourcesBuildPhase</string>
			<key>runOnlyForDeploymentPostprocessing</key>
			<string>0</string>
		</dict>
		<key>BFD400DE1CB077FD0080C6EA</key>
		<dict>
			<key>buildActionMask</key>
			<string>2147483647</string>
			<key>files</key>
			<array>
				<string>165DB3A858CC8BF3D5814B48</string>
			</array>
			<key>isa</key>
			<string>PBXFrameworksBuildPhase</string>
			<key>runOnlyForDeploymentPostprocessing</key>
			<string>0</string>
		</dict>
		<key>BFD400DF1CB077FD0080C6EA</key>
		<dict>
			<key>buildActionMask</key>
			<string>2147483647</string>
			<key>files</key>
			<array/>
			<key>isa</key>
			<string>PBXResourcesBuildPhase</string>
			<key>runOnlyForDeploymentPostprocessing</key>
			<string>0</string>
		</dict>
		<key>BFD400E01CB077FD0080C6EA</key>
		<dict>
			<key>buildConfigurationList</key>
			<string>BFD400F01CB077FD0080C6EA</string>
			<key>buildPhases</key>
			<array>
				<string>14E1A7F9B8B752E5C0D10673</string>
				<string>BFD400DD1CB077FD0080C6EA</string>
				<string>BFD400DE1CB077FD0080C6EA</string>
				<string>BFD400DF1CB077FD0080C6EA</string>
				<string>B51C5B82AB36EE37699B984D</string>
			</array>
			<key>buildRules</key>
			<array/>
			<key>dependencies</key>
			<array>
				<string>BFD400E31CB077FD0080C6EA</string>
			</array>
			<key>isa</key>
			<string>PBXNativeTarget</string>
			<key>name</key>
			<string>Lost and FoundUITests</string>
			<key>productName</key>
			<string>Lost and FoundUITests</string>
			<key>productReference</key>
			<string>BFD400E11CB077FD0080C6EA</string>
			<key>productType</key>
			<string>com.apple.product-type.bundle.ui-testing</string>
		</dict>
		<key>BFD400E11CB077FD0080C6EA</key>
		<dict>
			<key>explicitFileType</key>
			<string>wrapper.cfbundle</string>
			<key>includeInIndex</key>
			<string>0</string>
			<key>isa</key>
			<string>PBXFileReference</string>
			<key>path</key>
			<string>Lost and FoundUITests.xctest</string>
			<key>sourceTree</key>
			<string>BUILT_PRODUCTS_DIR</string>
		</dict>
		<key>BFD400E21CB077FD0080C6EA</key>
		<dict>
			<key>containerPortal</key>
			<string>BFD400B81CB077FD0080C6EA</string>
			<key>isa</key>
			<string>PBXContainerItemProxy</string>
			<key>proxyType</key>
			<string>1</string>
			<key>remoteGlobalIDString</key>
			<string>BFD400BF1CB077FD0080C6EA</string>
			<key>remoteInfo</key>
			<string>Lost and Found</string>
		</dict>
		<key>BFD400E31CB077FD0080C6EA</key>
		<dict>
			<key>isa</key>
			<string>PBXTargetDependency</string>
			<key>target</key>
			<string>BFD400BF1CB077FD0080C6EA</string>
			<key>targetProxy</key>
			<string>BFD400E21CB077FD0080C6EA</string>
		</dict>
		<key>BFD400E41CB077FD0080C6EA</key>
		<dict>
			<key>children</key>
			<array>
				<string>BFD400E51CB077FD0080C6EA</string>
				<string>BFD400E71CB077FD0080C6EA</string>
			</array>
			<key>isa</key>
			<string>PBXGroup</string>
			<key>path</key>
			<string>Lost and FoundUITests</string>
			<key>sourceTree</key>
			<string>&lt;group&gt;</string>
		</dict>
		<key>BFD400E51CB077FD0080C6EA</key>
		<dict>
			<key>isa</key>
			<string>PBXFileReference</string>
			<key>lastKnownFileType</key>
			<string>sourcecode.swift</string>
			<key>path</key>
			<string>Lost_and_FoundUITests.swift</string>
			<key>sourceTree</key>
			<string>&lt;group&gt;</string>
		</dict>
		<key>BFD400E61CB077FD0080C6EA</key>
		<dict>
			<key>fileRef</key>
			<string>BFD400E51CB077FD0080C6EA</string>
			<key>isa</key>
			<string>PBXBuildFile</string>
		</dict>
		<key>BFD400E71CB077FD0080C6EA</key>
		<dict>
			<key>isa</key>
			<string>PBXFileReference</string>
			<key>lastKnownFileType</key>
			<string>text.plist.xml</string>
			<key>path</key>
			<string>Info.plist</string>
			<key>sourceTree</key>
			<string>&lt;group&gt;</string>
		</dict>
		<key>BFD400E81CB077FD0080C6EA</key>
		<dict>
			<key>buildSettings</key>
			<dict>
				<key>ALWAYS_SEARCH_USER_PATHS</key>
				<string>NO</string>
				<key>CLANG_CXX_LANGUAGE_STANDARD</key>
				<string>gnu++0x</string>
				<key>CLANG_CXX_LIBRARY</key>
				<string>libc++</string>
				<key>CLANG_ENABLE_MODULES</key>
				<string>YES</string>
				<key>CLANG_ENABLE_OBJC_ARC</key>
				<string>YES</string>
				<key>CLANG_WARN_BOOL_CONVERSION</key>
				<string>YES</string>
				<key>CLANG_WARN_CONSTANT_CONVERSION</key>
				<string>YES</string>
				<key>CLANG_WARN_DIRECT_OBJC_ISA_USAGE</key>
				<string>YES_ERROR</string>
				<key>CLANG_WARN_EMPTY_BODY</key>
				<string>YES</string>
				<key>CLANG_WARN_ENUM_CONVERSION</key>
				<string>YES</string>
				<key>CLANG_WARN_INT_CONVERSION</key>
				<string>YES</string>
				<key>CLANG_WARN_OBJC_ROOT_CLASS</key>
				<string>YES_ERROR</string>
				<key>CLANG_WARN_UNREACHABLE_CODE</key>
				<string>YES</string>
				<key>CLANG_WARN__DUPLICATE_METHOD_MATCH</key>
				<string>YES</string>
				<key>CODE_SIGN_IDENTITY[sdk=iphoneos*]</key>
				<string>iPhone Developer</string>
				<key>COPY_PHASE_STRIP</key>
				<string>NO</string>
				<key>DEBUG_INFORMATION_FORMAT</key>
				<string>dwarf</string>
				<key>ENABLE_STRICT_OBJC_MSGSEND</key>
				<string>YES</string>
				<key>ENABLE_TESTABILITY</key>
				<string>YES</string>
				<key>GCC_C_LANGUAGE_STANDARD</key>
				<string>gnu99</string>
				<key>GCC_DYNAMIC_NO_PIC</key>
				<string>NO</string>
				<key>GCC_NO_COMMON_BLOCKS</key>
				<string>YES</string>
				<key>GCC_OPTIMIZATION_LEVEL</key>
				<string>0</string>
				<key>GCC_PREPROCESSOR_DEFINITIONS</key>
				<array>
					<string>DEBUG=1</string>
					<string>$(inherited)</string>
				</array>
				<key>GCC_WARN_64_TO_32_BIT_CONVERSION</key>
				<string>YES</string>
				<key>GCC_WARN_ABOUT_RETURN_TYPE</key>
				<string>YES_ERROR</string>
				<key>GCC_WARN_UNDECLARED_SELECTOR</key>
				<string>YES</string>
				<key>GCC_WARN_UNINITIALIZED_AUTOS</key>
				<string>YES_AGGRESSIVE</string>
				<key>GCC_WARN_UNUSED_FUNCTION</key>
				<string>YES</string>
				<key>GCC_WARN_UNUSED_VARIABLE</key>
				<string>YES</string>
				<key>IPHONEOS_DEPLOYMENT_TARGET</key>
				<string>9.2</string>
				<key>MTL_ENABLE_DEBUG_INFO</key>
				<string>YES</string>
				<key>ONLY_ACTIVE_ARCH</key>
				<string>YES</string>
				<key>SDKROOT</key>
				<string>iphoneos</string>
				<key>SWIFT_OPTIMIZATION_LEVEL</key>
				<string>-Onone</string>
			</dict>
			<key>isa</key>
			<string>XCBuildConfiguration</string>
			<key>name</key>
			<string>Debug</string>
		</dict>
		<key>BFD400E91CB077FD0080C6EA</key>
		<dict>
			<key>buildSettings</key>
			<dict>
				<key>ALWAYS_SEARCH_USER_PATHS</key>
				<string>NO</string>
				<key>CLANG_CXX_LANGUAGE_STANDARD</key>
				<string>gnu++0x</string>
				<key>CLANG_CXX_LIBRARY</key>
				<string>libc++</string>
				<key>CLANG_ENABLE_MODULES</key>
				<string>YES</string>
				<key>CLANG_ENABLE_OBJC_ARC</key>
				<string>YES</string>
				<key>CLANG_WARN_BOOL_CONVERSION</key>
				<string>YES</string>
				<key>CLANG_WARN_CONSTANT_CONVERSION</key>
				<string>YES</string>
				<key>CLANG_WARN_DIRECT_OBJC_ISA_USAGE</key>
				<string>YES_ERROR</string>
				<key>CLANG_WARN_EMPTY_BODY</key>
				<string>YES</string>
				<key>CLANG_WARN_ENUM_CONVERSION</key>
				<string>YES</string>
				<key>CLANG_WARN_INT_CONVERSION</key>
				<string>YES</string>
				<key>CLANG_WARN_OBJC_ROOT_CLASS</key>
				<string>YES_ERROR</string>
				<key>CLANG_WARN_UNREACHABLE_CODE</key>
				<string>YES</string>
				<key>CLANG_WARN__DUPLICATE_METHOD_MATCH</key>
				<string>YES</string>
				<key>CODE_SIGN_IDENTITY[sdk=iphoneos*]</key>
				<string>iPhone Developer</string>
				<key>COPY_PHASE_STRIP</key>
				<string>NO</string>
				<key>DEBUG_INFORMATION_FORMAT</key>
				<string>dwarf-with-dsym</string>
				<key>ENABLE_NS_ASSERTIONS</key>
				<string>NO</string>
				<key>ENABLE_STRICT_OBJC_MSGSEND</key>
				<string>YES</string>
				<key>GCC_C_LANGUAGE_STANDARD</key>
				<string>gnu99</string>
				<key>GCC_NO_COMMON_BLOCKS</key>
				<string>YES</string>
				<key>GCC_WARN_64_TO_32_BIT_CONVERSION</key>
				<string>YES</string>
				<key>GCC_WARN_ABOUT_RETURN_TYPE</key>
				<string>YES_ERROR</string>
				<key>GCC_WARN_UNDECLARED_SELECTOR</key>
				<string>YES</string>
				<key>GCC_WARN_UNINITIALIZED_AUTOS</key>
				<string>YES_AGGRESSIVE</string>
				<key>GCC_WARN_UNUSED_FUNCTION</key>
				<string>YES</string>
				<key>GCC_WARN_UNUSED_VARIABLE</key>
				<string>YES</string>
				<key>IPHONEOS_DEPLOYMENT_TARGET</key>
				<string>9.2</string>
				<key>MTL_ENABLE_DEBUG_INFO</key>
				<string>NO</string>
				<key>SDKROOT</key>
				<string>iphoneos</string>
				<key>VALIDATE_PRODUCT</key>
				<string>YES</string>
			</dict>
			<key>isa</key>
			<string>XCBuildConfiguration</string>
			<key>name</key>
			<string>Release</string>
		</dict>
		<key>BFD400EA1CB077FD0080C6EA</key>
		<dict>
			<key>buildConfigurations</key>
			<array>
				<string>BFD400EB1CB077FD0080C6EA</string>
				<string>BFD400EC1CB077FD0080C6EA</string>
			</array>
			<key>defaultConfigurationIsVisible</key>
			<string>0</string>
			<key>defaultConfigurationName</key>
			<string>Release</string>
			<key>isa</key>
			<string>XCConfigurationList</string>
		</dict>
		<key>BFD400EB1CB077FD0080C6EA</key>
		<dict>
			<key>baseConfigurationReference</key>
			<string>D6FBBEB63147360328AE26C4</string>
			<key>buildSettings</key>
			<dict>
				<key>ASSETCATALOG_COMPILER_APPICON_NAME</key>
				<string>AppIcon</string>
				<key>INFOPLIST_FILE</key>
				<string>Lost and Found/Info.plist</string>
				<key>LD_RUNPATH_SEARCH_PATHS</key>
				<string>$(inherited) @executable_path/Frameworks</string>
				<key>PRODUCT_BUNDLE_IDENTIFIER</key>
				<string>com.JasonAldenVincent.Lost-and-Found</string>
				<key>PRODUCT_NAME</key>
				<string>$(TARGET_NAME)</string>
			</dict>
			<key>isa</key>
			<string>XCBuildConfiguration</string>
			<key>name</key>
			<string>Debug</string>
		</dict>
		<key>BFD400EC1CB077FD0080C6EA</key>
		<dict>
			<key>baseConfigurationReference</key>
			<string>42CB20D330A08190F6BCB0C1</string>
			<key>buildSettings</key>
			<dict>
				<key>ASSETCATALOG_COMPILER_APPICON_NAME</key>
				<string>AppIcon</string>
				<key>INFOPLIST_FILE</key>
				<string>Lost and Found/Info.plist</string>
				<key>LD_RUNPATH_SEARCH_PATHS</key>
				<string>$(inherited) @executable_path/Frameworks</string>
				<key>PRODUCT_BUNDLE_IDENTIFIER</key>
				<string>com.JasonAldenVincent.Lost-and-Found</string>
				<key>PRODUCT_NAME</key>
				<string>$(TARGET_NAME)</string>
			</dict>
			<key>isa</key>
			<string>XCBuildConfiguration</string>
			<key>name</key>
			<string>Release</string>
		</dict>
		<key>BFD400ED1CB077FD0080C6EA</key>
		<dict>
			<key>buildConfigurations</key>
			<array>
				<string>BFD400EE1CB077FD0080C6EA</string>
				<string>BFD400EF1CB077FD0080C6EA</string>
			</array>
			<key>defaultConfigurationIsVisible</key>
			<string>0</string>
			<key>defaultConfigurationName</key>
			<string>Release</string>
			<key>isa</key>
			<string>XCConfigurationList</string>
		</dict>
		<key>BFD400EE1CB077FD0080C6EA</key>
		<dict>
			<key>baseConfigurationReference</key>
			<string>2D2677F90DB1F586F3F1E629</string>
			<key>buildSettings</key>
			<dict>
				<key>BUNDLE_LOADER</key>
				<string>$(TEST_HOST)</string>
				<key>INFOPLIST_FILE</key>
				<string>Lost and FoundTests/Info.plist</string>
				<key>LD_RUNPATH_SEARCH_PATHS</key>
				<string>$(inherited) @executable_path/Frameworks @loader_path/Frameworks</string>
				<key>PRODUCT_BUNDLE_IDENTIFIER</key>
				<string>com.JasonAldenVincent.Lost-and-FoundTests</string>
				<key>PRODUCT_NAME</key>
				<string>$(TARGET_NAME)</string>
				<key>TEST_HOST</key>
				<string>$(BUILT_PRODUCTS_DIR)/Lost and Found.app/Lost and Found</string>
			</dict>
			<key>isa</key>
			<string>XCBuildConfiguration</string>
			<key>name</key>
			<string>Debug</string>
		</dict>
		<key>BFD400EF1CB077FD0080C6EA</key>
		<dict>
			<key>baseConfigurationReference</key>
			<string>3F69D58A15693FC2DE7C0799</string>
			<key>buildSettings</key>
			<dict>
				<key>BUNDLE_LOADER</key>
				<string>$(TEST_HOST)</string>
				<key>INFOPLIST_FILE</key>
				<string>Lost and FoundTests/Info.plist</string>
				<key>LD_RUNPATH_SEARCH_PATHS</key>
				<string>$(inherited) @executable_path/Frameworks @loader_path/Frameworks</string>
				<key>PRODUCT_BUNDLE_IDENTIFIER</key>
				<string>com.JasonAldenVincent.Lost-and-FoundTests</string>
				<key>PRODUCT_NAME</key>
				<string>$(TARGET_NAME)</string>
				<key>TEST_HOST</key>
				<string>$(BUILT_PRODUCTS_DIR)/Lost and Found.app/Lost and Found</string>
			</dict>
			<key>isa</key>
			<string>XCBuildConfiguration</string>
			<key>name</key>
			<string>Release</string>
		</dict>
		<key>BFD400F01CB077FD0080C6EA</key>
		<dict>
			<key>buildConfigurations</key>
			<array>
				<string>BFD400F11CB077FD0080C6EA</string>
				<string>BFD400F21CB077FD0080C6EA</string>
			</array>
			<key>defaultConfigurationIsVisible</key>
			<string>0</string>
			<key>defaultConfigurationName</key>
			<string>Release</string>
			<key>isa</key>
			<string>XCConfigurationList</string>
		</dict>
		<key>BFD400F11CB077FD0080C6EA</key>
		<dict>
			<key>baseConfigurationReference</key>
			<string>93868F4AD1D451A2C802278B</string>
			<key>buildSettings</key>
			<dict>
				<key>INFOPLIST_FILE</key>
				<string>Lost and FoundUITests/Info.plist</string>
				<key>LD_RUNPATH_SEARCH_PATHS</key>
				<string>$(inherited) @executable_path/Frameworks @loader_path/Frameworks</string>
				<key>PRODUCT_BUNDLE_IDENTIFIER</key>
				<string>com.JasonAldenVincent.Lost-and-FoundUITests</string>
				<key>PRODUCT_NAME</key>
				<string>$(TARGET_NAME)</string>
				<key>TEST_TARGET_NAME</key>
				<string>Lost and Found</string>
				<key>USES_XCTRUNNER</key>
				<string>YES</string>
			</dict>
			<key>isa</key>
			<string>XCBuildConfiguration</string>
			<key>name</key>
			<string>Debug</string>
		</dict>
		<key>BFD400F21CB077FD0080C6EA</key>
		<dict>
			<key>baseConfigurationReference</key>
			<string>21626B29285C285E8DF806C5</string>
			<key>buildSettings</key>
			<dict>
				<key>INFOPLIST_FILE</key>
				<string>Lost and FoundUITests/Info.plist</string>
				<key>LD_RUNPATH_SEARCH_PATHS</key>
				<string>$(inherited) @executable_path/Frameworks @loader_path/Frameworks</string>
				<key>PRODUCT_BUNDLE_IDENTIFIER</key>
				<string>com.JasonAldenVincent.Lost-and-FoundUITests</string>
				<key>PRODUCT_NAME</key>
				<string>$(TARGET_NAME)</string>
				<key>TEST_TARGET_NAME</key>
				<string>Lost and Found</string>
				<key>USES_XCTRUNNER</key>
				<string>YES</string>
			</dict>
			<key>isa</key>
			<string>XCBuildConfiguration</string>
			<key>name</key>
			<string>Release</string>
		</dict>
		<key>D6FBBEB63147360328AE26C4</key>
		<dict>
			<key>includeInIndex</key>
			<string>1</string>
			<key>isa</key>
			<string>PBXFileReference</string>
			<key>lastKnownFileType</key>
			<string>text.xcconfig</string>
			<key>name</key>
			<string>Pods-Lost and Found.debug.xcconfig</string>
			<key>path</key>
			<string>Pods/Target Support Files/Pods-Lost and Found/Pods-Lost and Found.debug.xcconfig</string>
			<key>sourceTree</key>
			<string>&lt;group&gt;</string>
		</dict>
		<key>DF744FD420D8F549CE27A39C</key>
		<dict>
			<key>buildActionMask</key>
			<string>2147483647</string>
			<key>files</key>
			<array/>
			<key>inputPaths</key>
			<array/>
			<key>isa</key>
			<string>PBXShellScriptBuildPhase</string>
			<key>name</key>
			<string>Check Pods Manifest.lock</string>
			<key>outputPaths</key>
			<array/>
			<key>runOnlyForDeploymentPostprocessing</key>
			<string>0</string>
			<key>shellPath</key>
			<string>/bin/sh</string>
			<key>shellScript</key>
			<string>diff "${PODS_ROOT}/../Podfile.lock" "${PODS_ROOT}/Manifest.lock" &gt; /dev/null
if [[ $? != 0 ]] ; then
    cat &lt;&lt; EOM
error: The sandbox is not in sync with the Podfile.lock. Run 'pod install' or update your CocoaPods installation.
EOM
    exit 1
fi
</string>
			<key>showEnvVarsInLog</key>
			<string>0</string>
		</dict>
		<key>E22B3C7A5C87C404A095B42A</key>
		<dict>
			<key>buildActionMask</key>
			<string>2147483647</string>
			<key>files</key>
			<array/>
			<key>inputPaths</key>
			<array/>
			<key>isa</key>
			<string>PBXShellScriptBuildPhase</string>
			<key>name</key>
			<string>Check Pods Manifest.lock</string>
			<key>outputPaths</key>
			<array/>
			<key>runOnlyForDeploymentPostprocessing</key>
			<string>0</string>
			<key>shellPath</key>
			<string>/bin/sh</string>
			<key>shellScript</key>
			<string>diff "${PODS_ROOT}/../Podfile.lock" "${PODS_ROOT}/Manifest.lock" &gt; /dev/null
if [[ $? != 0 ]] ; then
    cat &lt;&lt; EOM
error: The sandbox is not in sync with the Podfile.lock. Run 'pod install' or update your CocoaPods installation.
EOM
    exit 1
fi
</string>
			<key>showEnvVarsInLog</key>
			<string>0</string>
		</dict>
		<key>E80C194FB3D8EE59CEB07158</key>
		<dict>
			<key>buildActionMask</key>
			<string>2147483647</string>
			<key>files</key>
			<array/>
			<key>inputPaths</key>
			<array/>
			<key>isa</key>
			<string>PBXShellScriptBuildPhase</string>
			<key>name</key>
			<string>Copy Pods Resources</string>
			<key>outputPaths</key>
			<array/>
			<key>runOnlyForDeploymentPostprocessing</key>
			<string>0</string>
			<key>shellPath</key>
			<string>/bin/sh</string>
			<key>shellScript</key>
			<string>"${SRCROOT}/Pods/Target Support Files/Pods-Lost and FoundTests/Pods-Lost and FoundTests-resources.sh"
</string>
			<key>showEnvVarsInLog</key>
			<string>0</string>
		</dict>
	</dict>
	<key>rootObject</key>
	<string>BFD400B81CB077FD0080C6EA</string>
</dict>
</plist>
